
Microsoft Visual Studio Solution File, Format Version 12.00
# Visual Studio Version 17
VisualStudioVersion = 17.9.34701.34
MinimumVisualStudioVersion = 10.0.40219.1
Project("{9A19103F-16F7-4668-BE54-9A1E7A4F7556}") = "StationeryPlus.API", "StationeryPlus.API\StationeryPlus.API.csproj", "{FDDC6C2E-B5BA-49FA-96EE-E1481F5AFA3B}"
EndProject
Project("{2150E333-8FDC-42A3-9474-1A3956D46DE8}") = "BusinessLibrary", "BusinessLibrary", "{6E584848-19EC-49DE-A5DC-49F85754E8FD}"
EndProject
Project("{2150E333-8FDC-42A3-9474-1A3956D46DE8}") = "DataAccessLibrary", "DataAccessLibrary", "{E90668D7-2D67-4C7B-B7A2-830CDB37662B}"
EndProject
Project("{9A19103F-16F7-4668-BE54-9A1E7A4F7556}") = "StationeryPlus.DataAccess", "DataAccessLibrary\StationeryPlus.DataAccess\StationeryPlus.DataAccess.csproj", "{0090E905-0788-487E-9A7A-098C077AEC9F}"
EndProject
Project("{FAE04EC0-301F-11D3-BF4B-00C04F79EFBC}") = "StationeryPlus.Business", "BusinessLibrary\StationeryPlus.Business\StationeryPlus.Business.csproj", "{09FC10D2-740E-4B5A-B37D-D555C1DCA2D6}"
EndProject
Project("{FAE04EC0-301F-11D3-BF4B-00C04F79EFBC}") = "StationeryPlus.IBusiness", "BusinessLibrary\StationeryPlus.IBusiness\StationeryPlus.IBusiness.csproj", "{2D7EB17E-EA02-4D8E-9A7A-40CC44DEB5F8}"
EndProject
Project("{2150E333-8FDC-42A3-9474-1A3956D46DE8}") = "CommonLibrary", "CommonLibrary", "{FDFCFCEB-CB42-4C42-A275-5D8A1FF21775}"
EndProject
Project("{FAE04EC0-301F-11D3-BF4B-00C04F79EFBC}") = "StationeryPlus.CommonLibrary", "CommonLibrary\StationeryPlus.CommonLibrary\StationeryPlus.CommonLibrary.csproj", "{62BBDA82-5D82-40C2-8A94-F829DF429AE5}"
EndProject
Global
	GlobalSection(SolutionConfigurationPlatforms) = preSolution
		Debug|Any CPU = Debug|Any CPU
		Release|Any CPU = Release|Any CPU
	EndGlobalSection
	GlobalSection(ProjectConfigurationPlatforms) = postSolution
		{FDDC6C2E-B5BA-49FA-96EE-E1481F5AFA3B}.Debug|Any CPU.ActiveCfg = Debug|Any CPU
		{FDDC6C2E-B5BA-49FA-96EE-E1481F5AFA3B}.Debug|Any CPU.Build.0 = Debug|Any CPU
		{FDDC6C2E-B5BA-49FA-96EE-E1481F5AFA3B}.Release|Any CPU.ActiveCfg = Release|Any CPU
		{FDDC6C2E-B5BA-49FA-96EE-E1481F5AFA3B}.Release|Any CPU.Build.0 = Release|Any CPU
		{0090E905-0788-487E-9A7A-098C077AEC9F}.Debug|Any CPU.ActiveCfg = Debug|Any CPU
		{0090E905-0788-487E-9A7A-098C077AEC9F}.Debug|Any CPU.Build.0 = Debug|Any CPU
		{0090E905-0788-487E-9A7A-098C077AEC9F}.Release|Any CPU.ActiveCfg = Release|Any CPU
		{0090E905-0788-487E-9A7A-098C077AEC9F}.Release|Any CPU.Build.0 = Release|Any CPU
		{09FC10D2-740E-4B5A-B37D-D555C1DCA2D6}.Debug|Any CPU.ActiveCfg = Debug|Any CPU
		{09FC10D2-740E-4B5A-B37D-D555C1DCA2D6}.Debug|Any CPU.Build.0 = Debug|Any CPU
		{09FC10D2-740E-4B5A-B37D-D555C1DCA2D6}.Release|Any CPU.ActiveCfg = Release|Any CPU
		{09FC10D2-740E-4B5A-B37D-D555C1DCA2D6}.Release|Any CPU.Build.0 = Release|Any CPU
		{2D7EB17E-EA02-4D8E-9A7A-40CC44DEB5F8}.Debug|Any CPU.ActiveCfg = Debug|Any CPU
		{2D7EB17E-EA02-4D8E-9A7A-40CC44DEB5F8}.Debug|Any CPU.Build.0 = Debug|Any CPU
		{2D7EB17E-EA02-4D8E-9A7A-40CC44DEB5F8}.Release|Any CPU.ActiveCfg = Release|Any CPU
		{2D7EB17E-EA02-4D8E-9A7A-40CC44DEB5F8}.Release|Any CPU.Build.0 = Release|Any CPU
		{62BBDA82-5D82-40C2-8A94-F829DF429AE5}.Debug|Any CPU.ActiveCfg = Debug|Any CPU
		{62BBDA82-5D82-40C2-8A94-F829DF429AE5}.Debug|Any CPU.Build.0 = Debug|Any CPU
		{62BBDA82-5D82-40C2-8A94-F829DF429AE5}.Release|Any CPU.ActiveCfg = Release|Any CPU
		{62BBDA82-5D82-40C2-8A94-F829DF429AE5}.Release|Any CPU.Build.0 = Release|Any CPU
	EndGlobalSection
	GlobalSection(SolutionProperties) = preSolution
		HideSolutionNode = FALSE
	EndGlobalSection
	GlobalSection(NestedProjects) = preSolution
		{0090E905-0788-487E-9A7A-098C077AEC9F} = {E90668D7-2D67-4C7B-B7A2-830CDB37662B}
		{09FC10D2-740E-4B5A-B37D-D555C1DCA2D6} = {6E584848-19EC-49DE-A5DC-49F85754E8FD}
		{2D7EB17E-EA02-4D8E-9A7A-40CC44DEB5F8} = {6E584848-19EC-49DE-A5DC-49F85754E8FD}
		{62BBDA82-5D82-40C2-8A94-F829DF429AE5} = {FDFCFCEB-CB42-4C42-A275-5D8A1FF21775}
	EndGlobalSection
	GlobalSection(ExtensibilityGlobals) = postSolution
		SolutionGuid = {58F0CBC9-60F6-4ED7-AFB7-14C30460C0FF}
	EndGlobalSection
EndGlobal
